
Microsoft Visual Studio Solution File, Format Version 12.00
# Visual Studio 15
VisualStudioVersion = 15.0.28010.2041
MinimumVisualStudioVersion = 10.0.40219.1
Project("{FAE04EC0-301F-11D3-BF4B-00C04F79EFBC}") = "ClienteSocket", "ClienteSocket\ClienteSocket.csproj", "{735D7277-9546-45AC-B504-90BD892BA9F5}"
EndProject
Global
	GlobalSection(SolutionConfigurationPlatforms) = preSolution
		Debug|Any CPU = Debug|Any CPU
		Release|Any CPU = Release|Any CPU
	EndGlobalSection
	GlobalSection(ProjectConfigurationPlatforms) = postSolution
		{735D7277-9546-45AC-B504-90BD892BA9F5}.Debug|Any CPU.ActiveCfg = Debug|Any CPU
		{735D7277-9546-45AC-B504-90BD892BA9F5}.Debug|Any CPU.Build.0 = Debug|Any CPU
		{735D7277-9546-45AC-B504-90BD892BA9F5}.Release|Any CPU.ActiveCfg = Release|Any CPU
		{735D7277-9546-45AC-B504-90BD892BA9F5}.Release|Any CPU.Build.0 = Release|Any CPU
	EndGlobalSection
	GlobalSection(SolutionProperties) = preSolution
		HideSolutionNode = FALSE
	EndGlobalSection
	GlobalSection(ExtensibilityGlobals) = postSolution
		SolutionGuid = {5A5A8FBD-AE2F-4370-BDCA-940542C6A52F}
	EndGlobalSection
EndGlobal
